Microsoft Visual Studio Solution File, Format Version 11.00
# Visual Studio 2008

Project("{24DAA4C4-850F-FF2F-4D7E-44CC79E3EB07}") = "Surge", "Assembly-CSharp-firstpass.csproj", "{3D0238D5-0996-ABD0-0D04-E08D7CDD4697}"
EndProject
Project("{24DAA4C4-850F-FF2F-4D7E-44CC79E3EB07}") = "Surge", "Assembly-CSharp.csproj", "{C5AAAF22-8E1C-5080-45EC-FB5D2ABD1D3E}"
EndProject
Project("{24DAA4C4-850F-FF2F-4D7E-44CC79E3EB07}") = "Surge", "Assembly-UnityScript-firstpass.unityproj", "{E1BAA13E-9CCF-D321-9EB7-55D6D238491F}"
EndProject
Project("{24DAA4C4-850F-FF2F-4D7E-44CC79E3EB07}") = "Surge", "Assembly-UnityScript.unityproj", "{C84C0C47-1D86-1229-1808-82495A52FC4E}"
EndProject
Global
	GlobalSection(SolutionConfigurationPlatforms) = preSolution
		Debug|Any CPU = Debug|Any CPU
		Release|Any CPU = Release|Any CPU
	EndGlobalSection
	GlobalSection(ProjectConfigurationPlatforms) = postSolution
		{3D0238D5-0996-ABD0-0D04-E08D7CDD4697}.Debug|Any CPU.ActiveCfg = Debug|Any CPU
		{3D0238D5-0996-ABD0-0D04-E08D7CDD4697}.Debug|Any CPU.Build.0 = Debug|Any CPU
		{3D0238D5-0996-ABD0-0D04-E08D7CDD4697}.Release|Any CPU.ActiveCfg = Release|Any CPU
		{3D0238D5-0996-ABD0-0D04-E08D7CDD4697}.Release|Any CPU.Build.0 = Release|Any CPU
		{C5AAAF22-8E1C-5080-45EC-FB5D2ABD1D3E}.Debug|Any CPU.ActiveCfg = Debug|Any CPU
		{C5AAAF22-8E1C-5080-45EC-FB5D2ABD1D3E}.Debug|Any CPU.Build.0 = Debug|Any CPU
		{C5AAAF22-8E1C-5080-45EC-FB5D2ABD1D3E}.Release|Any CPU.ActiveCfg = Release|Any CPU
		{C5AAAF22-8E1C-5080-45EC-FB5D2ABD1D3E}.Release|Any CPU.Build.0 = Release|Any CPU
		{E1BAA13E-9CCF-D321-9EB7-55D6D238491F}.Debug|Any CPU.ActiveCfg = Debug|Any CPU
		{E1BAA13E-9CCF-D321-9EB7-55D6D238491F}.Debug|Any CPU.Build.0 = Debug|Any CPU
		{E1BAA13E-9CCF-D321-9EB7-55D6D238491F}.Release|Any CPU.ActiveCfg = Release|Any CPU
		{E1BAA13E-9CCF-D321-9EB7-55D6D238491F}.Release|Any CPU.Build.0 = Release|Any CPU
		{C84C0C47-1D86-1229-1808-82495A52FC4E}.Debug|Any CPU.ActiveCfg = Debug|Any CPU
		{C84C0C47-1D86-1229-1808-82495A52FC4E}.Debug|Any CPU.Build.0 = Debug|Any CPU
		{C84C0C47-1D86-1229-1808-82495A52FC4E}.Release|Any CPU.ActiveCfg = Release|Any CPU
		{C84C0C47-1D86-1229-1808-82495A52FC4E}.Release|Any CPU.Build.0 = Release|Any CPU
	EndGlobalSection
	GlobalSection(SolutionProperties) = preSolution
		HideSolutionNode = FALSE
	EndGlobalSection
																																																		GlobalSection(MonoDevelopProperties) = preSolution
		StartupItem = Assembly-CSharp.csproj
		Policies = $0
		$0.TextStylePolicy = $1
		$1.inheritsSet = VisualStudio
		$1.inheritsScope = text/plain
		$1.scope = text/x-csharp
		$0.CSharpFormattingPolicy = $2
		$2.IndentSwitchBody = True
		$2.AnonymousMethodBraceStyle = NextLine
		$2.PropertyBraceStyle = NextLine
		$2.PropertyGetBraceStyle = NextLine
		$2.PropertySetBraceStyle = NextLine
		$2.EventBraceStyle = NextLine
		$2.EventAddBraceStyle = NextLine
		$2.EventRemoveBraceStyle = NextLine
		$2.StatementBraceStyle = NextLine
		$2.ArrayInitializerBraceStyle = NextLine
		$2.BeforeMethodDeclarationParentheses = False
		$2.BeforeMethodCallParentheses = False
		$2.BeforeConstructorDeclarationParentheses = False
		$2.BeforeDelegateDeclarationParentheses = False
		$2.NewParentheses = False
		$2.inheritsSet = Mono
		$2.inheritsScope = text/x-csharp
		$2.scope = text/x-csharp
		$0.TextStylePolicy = $3
		$3.FileWidth = 120
		$3.TabWidth = 4
		$3.EolMarker = Unix
		$3.inheritsSet = Mono
		$3.inheritsScope = text/plain
		$3.scope = text/plain
		$0.DotNetNamingPolicy = $4
		$4.DirectoryNamespaceAssociation = None
		$4.ResourceNamePolicy = FileFormatDefault
		$0.TextStylePolicy = $5
		$5.inheritsSet = null
		$5.scope = text/x-unitytxt
		$0.TextStylePolicy = $6
		$6.inheritsSet = null
		$6.scope = text/x-shader
		$0.TextStylePolicy = $7
		$7.inheritsSet = null
		$7.scope = application/javascript
		$0.StandardHeader = $8
		$8.Text = 
		$8.IncludeInNewFiles = True
	EndGlobalSection

EndGlobal
